// !$*UTF8*$!
{
	archiveVersion = 1;
	classes = {
	};
	objectVersion = 50;
	objects = {

/* Begin PBXBuildFile section */
		D77731AD255B900500AAE4EE /* AppDelegate.swift in Sources */ = {isa = PBXBuildFile; fileRef = D77731AC255B900500AAE4EE /* AppDelegate.swift */; };
		D77731AF255B900500AAE4EE /* SceneDelegate.swift in Sources */ = {isa = PBXBuildFile; fileRef = D77731AE255B900500AAE4EE /* SceneDelegate.swift */; };
		D77731B1255B900500AAE4EE /* ViewController.swift in Sources */ = {isa = PBXBuildFile; fileRef = D77731B0255B900500AAE4EE /* ViewController.swift */; };
		D77731B4255B900500AAE4EE /* Main.storyboard in Resources */ = {isa = PBXBuildFile; fileRef = D77731B2255B900500AAE4EE /* Main.storyboard */; };
		D77731B6255B900600AAE4EE /* Assets.xcassets in Resources */ = {isa = PBXBuildFile; fileRef = D77731B5255B900600AAE4EE /* Assets.xcassets */; };
		D77731B9255B900600AAE4EE /* LaunchScreen.storyboard in Resources */ = {isa = PBXBuildFile; fileRef = D77731B7255B900600AAE4EE /* LaunchScreen.storyboard */; };
		D77731C4255B900600AAE4EE /* KalkulatorTests.swift in Sources */ = {isa = PBXBuildFile; fileRef = D77731C3255B900600AAE4EE /* KalkulatorTests.swift */; };
		D77731CF255B900600AAE4EE /* KalkulatorUITests.swift in Sources */ = {isa = PBXBuildFile; fileRef = D77731CE255B900600AAE4EE /* KalkulatorUITests.swift */; };
/* End PBXBuildFile section */

/* Begin PBXContainerItemProxy section */
		D77731C0255B900600AAE4EE /* PBXContainerItemProxy */ = {
			isa = PBXContainerItemProxy;
			containerPortal = D77731A1255B900500AAE4EE /* Project object */;
			proxyType = 1;
			remoteGlobalIDString = D77731A8255B900500AAE4EE;
			remoteInfo = Kalkulator;
		};
		D77731CB255B900600AAE4EE /* PBXContainerItemProxy */ = {
			isa = PBXContainerItemProxy;
			containerPortal = D77731A1255B900500AAE4EE /* Project object */;
			proxyType = 1;
			remoteGlobalIDString = D77731A8255B900500AAE4EE;
			remoteInfo = Kalkulator;
		};
/* End PBXContainerItemProxy section */

/* Begin PBXFileReference section */
		D77731A9255B900500AAE4EE /* Kalkulator.app */ = {isa = PBXFileReference; explicitFileType = wrapper.application; includeInIndex = 0; path = Kalkulator.app; sourceTree = BUILT_PRODUCTS_DIR; };
		D77731AC255B900500AAE4EE /* AppDelegate.swift */ = {isa = PBXFileReference; lastKnownFileType = sourcecode.swift; path = AppDelegate.swift; sourceTree = "<group>"; };
		D77731AE255B900500AAE4EE /* SceneDelegate.swift */ = {isa = PBXFileReference; lastKnownFileType = sourcecode.swift; path = SceneDelegate.swift; sourceTree = "<group>"; };
		D77731B0255B900500AAE4EE /* ViewController.swift */ = {isa = PBXFileReference; lastKnownFileType = sourcecode.swift; path = ViewController.swift; sourceTree = "<group>"; };
		D77731B3255B900500AAE4EE /* Base */ = {isa = PBXFileReference; lastKnownFileType = file.storyboard; name = Base; path = Base.lproj/Main.storyboard; sourceTree = "<group>"; };
		D77731B5255B900600AAE4EE /* Assets.xcassets */ = {isa = PBXFileReference; lastKnownFileType = folder.assetcatalog; path = Assets.xcassets; sourceTree = "<group>"; };
		D77731B8255B900600AAE4EE /* Base */ = {isa = PBXFileReference; lastKnownFileType = file.storyboard; name = Base; path = Base.lproj/LaunchScreen.storyboard; sourceTree = "<group>"; };
		D77731BA255B900600AAE4EE /* Info.plist */ = {isa = PBXFileReference; lastKnownFileType = text.plist.xml; path = Info.plist; sourceTree = "<group>"; };
		D77731BF255B900600AAE4EE /* KalkulatorTests.xctest */ = {isa = PBXFileReference; explicitFileType = wrapper.cfbundle; includeInIndex = 0; path = KalkulatorTests.xctest; sourceTree = BUILT_PRODUCTS_DIR; };
		D77731C3255B900600AAE4EE /* KalkulatorTests.swift */ = {isa = PBXFileReference; lastKnownFileType = sourcecode.swift; path = KalkulatorTests.swift; sourceTree = "<group>"; };
		D77731C5255B900600AAE4EE /* Info.plist */ = {isa = PBXFileReference; lastKnownFileType = text.plist.xml; path = Info.plist; sourceTree = "<group>"; };
		D77731CA255B900600AAE4EE /* KalkulatorUITests.xctest */ = {isa = PBXFileReference; explicitFileType = wrapper.cfbundle; includeInIndex = 0; path = KalkulatorUITests.xctest; sourceTree = BUILT_PRODUCTS_DIR; };
		D77731CE255B900600AAE4EE /* KalkulatorUITests.swift */ = {isa = PBXFileReference; lastKnownFileType = sourcecode.swift; path = KalkulatorUITests.swift; sourceTree = "<group>"; };
		D77731D0255B900600AAE4EE /* Info.plist */ = {isa = PBXFileReference; lastKnownFileType = text.plist.xml; path = Info.plist; sourceTree = "<group>"; };
/* End PBXFileReference section */

/* Begin PBXFrameworksBuildPhase section */
		D77731A6255B900500AAE4EE /* Frameworks */ = {
			isa = PBXFrameworksBuildPhase;
			buildActionMask = 2147483647;
			files = (
			);
			runOnlyForDeploymentPostprocessing = 0;
		};
		D77731BC255B900600AAE4EE /* Frameworks */ = {
			isa = PBXFrameworksBuildPhase;
			buildActionMask = 2147483647;
			files = (
			);
			runOnlyForDeploymentPostprocessing = 0;
		};
		D77731C7255B900600AAE4EE /* Frameworks */ = {
			isa = PBXFrameworksBuildPhase;
			buildActionMask = 2147483647;
			files = (
			);
			runOnlyForDeploymentPostprocessing = 0;
		};
/* End PBXFrameworksBuildPhase section */

/* Begin PBXGroup section */
		D77731A0255B900500AAE4EE = {
			isa = PBXGroup;
			children = (
				D77731AB255B900500AAE4EE /* Kalkulator */,
				D77731C2255B900600AAE4EE /* KalkulatorTests */,
				D77731CD255B900600AAE4EE /* KalkulatorUITests */,
				D77731AA255B900500AAE4EE /* Products */,
			);
			sourceTree = "<group>";
		};
		D77731AA255B900500AAE4EE /* Products */ = {
			isa = PBXGroup;
			children = (
				D77731A9255B900500AAE4EE /* Kalkulator.app */,
				D77731BF255B900600AAE4EE /* KalkulatorTests.xctest */,
				D77731CA255B900600AAE4EE /* KalkulatorUITests.xctest */,
			);
			name = Products;
			sourceTree = "<group>";
		};
		D77731AB255B900500AAE4EE /* Kalkulator */ = {
			isa = PBXGroup;
			children = (
				D77731AC255B900500AAE4EE /* AppDelegate.swift */,
				D77731AE255B900500AAE4EE /* SceneDelegate.swift */,
				D77731B0255B900500AAE4EE /* ViewController.swift */,
				D77731B2255B900500AAE4EE /* Main.storyboard */,
				D77731B5255B900600AAE4EE /* Assets.xcassets */,
				D77731B7255B900600AAE4EE /* LaunchScreen.storyboard */,
				D77731BA255B900600AAE4EE /* Info.plist */,
			);
			path = Kalkulator;
			sourceTree = "<group>";
		};
		D77731C2255B900600AAE4EE /* KalkulatorTests */ = {
			isa = PBXGroup;
			children = (
				D77731C3255B900600AAE4EE /* KalkulatorTests.swift */,
				D77731C5255B900600AAE4EE /* Info.plist */,
			);
			path = KalkulatorTests;
			sourceTree = "<group>";
		};
		D77731CD255B900600AAE4EE /* KalkulatorUITests */ = {
			isa = PBXGroup;
			children = (
				D77731CE255B900600AAE4EE /* KalkulatorUITests.swift */,
				D77731D0255B900600AAE4EE /* Info.plist */,
			);
			path = KalkulatorUITests;
			sourceTree = "<group>";
		};
/* End PBXGroup section */

/* Begin PBXNativeTarget section */
		D77731A8255B900500AAE4EE /* Kalkulator */ = {
			isa = PBXNativeTarget;
			buildConfigurationList = D77731D3255B900600AAE4EE /* Build configuration list for PBXNativeTarget "Kalkulator" */;
			buildPhases = (
				D77731A5255B900500AAE4EE /* Sources */,
				D77731A6255B900500AAE4EE /* Frameworks */,
				D77731A7255B900500AAE4EE /* Resources */,
			);
			buildRules = (
			);
			dependencies = (
			);
			name = Kalkulator;
			productName = Kalkulator;
			productReference = D77731A9255B900500AAE4EE /* Kalkulator.app */;
			productType = "com.apple.product-type.application";
		};
		D77731BE255B900600AAE4EE /* KalkulatorTests */ = {
			isa = PBXNativeTarget;
			buildConfigurationList = D77731D6255B900600AAE4EE /* Build configuration list for PBXNativeTarget "KalkulatorTests" */;
			buildPhases = (
				D77731BB255B900600AAE4EE /* Sources */,
				D77731BC255B900600AAE4EE /* Frameworks */,
				D77731BD255B900600AAE4EE /* Resources */,
			);
			buildRules = (
			);
			dependencies = (
				D77731C1255B900600AAE4EE /* PBXTargetDependency */,
			);
			name = KalkulatorTests;
			productName = KalkulatorTests;
			productReference = D77731BF255B900600AAE4EE /* KalkulatorTests.xctest */;
			productType = "com.apple.product-type.bundle.unit-test";
		};
		D77731C9255B900600AAE4EE /* KalkulatorUITests */ = {
			isa = PBXNativeTarget;
			buildConfigurationList = D77731D9255B900600AAE4EE /* Build configuration list for PBXNativeTarget "KalkulatorUITests" */;
			buildPhases = (
				D77731C6255B900600AAE4EE /* Sources */,
				D77731C7255B900600AAE4EE /* Frameworks */,
				D77731C8255B900600AAE4EE /* Resources */,
			);
			buildRules = (
			);
			dependencies = (
				D77731CC255B900600AAE4EE /* PBXTargetDependency */,
			);
			name = KalkulatorUITests;
			productName = KalkulatorUITests;
			productReference = D77731CA255B900600AAE4EE /* KalkulatorUITests.xctest */;
			productType = "com.apple.product-type.bundle.ui-testing";
		};
/* End PBXNativeTarget section */

/* Begin PBXProject section */
		D77731A1255B900500AAE4EE /* Project object */ = {
			isa = PBXProject;
			attributes = {
				LastSwiftUpdateCheck = 1210;
				LastUpgradeCheck = 1210;
				TargetAttributes = {
					D77731A8255B900500AAE4EE = {
						CreatedOnToolsVersion = 12.1;
					};
					D77731BE255B900600AAE4EE = {
						CreatedOnToolsVersion = 12.1;
						TestTargetID = D77731A8255B900500AAE4EE;
					};
					D77731C9255B900600AAE4EE = {
						CreatedOnToolsVersion = 12.1;
						TestTargetID = D77731A8255B900500AAE4EE;
					};
				};
			};
			buildConfigurationList = D77731A4255B900500AAE4EE /* Build configuration list for PBXProject "Kalkulator" */;
			compatibilityVersion = "Xcode 9.3";
			developmentRegion = en;
			hasScannedForEncodings = 0;
			knownRegions = (
				en,
				Base,
			);
			mainGroup = D77731A0255B900500AAE4EE;
			productRefGroup = D77731AA255B900500AAE4EE /* Products */;
			projectDirPath = "";
			projectRoot = "";
			targets = (
				D77731A8255B900500AAE4EE /* Kalkulator */,
				D77731BE255B900600AAE4EE /* KalkulatorTests */,
				D77731C9255B900600AAE4EE /* KalkulatorUITests */,
			);
		};
/* End PBXProject section */

/* Begin PBXResourcesBuildPhase section */
		D77731A7255B900500AAE4EE /* Resources */ = {
			isa = PBXResourcesBuildPhase;
			buildActionMask = 2147483647;
			files = (
				D77731B9255B900600AAE4EE /* LaunchScreen.storyboard in Resources */,
				D77731B6255B900600AAE4EE /* Assets.xcassets in Resources */,
				D77731B4255B900500AAE4EE /* Main.storyboard in Resources */,
			);
			runOnlyForDeploymentPostprocessing = 0;
		};
		D77731BD255B900600AAE4EE /* Resources */ = {
			isa = PBXResourcesBuildPhase;
			buildActionMask = 2147483647;
			files = (
			);
			runOnlyForDeploymentPostprocessing = 0;
		};
		D77731C8255B900600AAE4EE /* Resources */ = {
			isa = PBXResourcesBuildPhase;
			buildActionMask = 2147483647;
			files = (
			);
			runOnlyForDeploymentPostprocessing = 0;
		};
/* End PBXResourcesBuildPhase section */

/* Begin PBXSourcesBuildPhase section */
		D77731A5255B900500AAE4EE /* Sources */ = {
			isa = PBXSourcesBuildPhase;
			buildActionMask = 2147483647;
			files = (
				D77731B1255B900500AAE4EE /* ViewController.swift in Sources */,
				D77731AD255B900500AAE4EE /* AppDelegate.swift in Sources */,
				D77731AF255B900500AAE4EE /* SceneDelegate.swift in Sources */,
			);
			runOnlyForDeploymentPostprocessing = 0;
		};
		D77731BB255B900600AAE4EE /* Sources */ = {
			isa = PBXSourcesBuildPhase;
			buildActionMask = 2147483647;
			files = (
				D77731C4255B900600AAE4EE /* KalkulatorTests.swift in Sources */,
			);
			runOnlyForDeploymentPostprocessing = 0;
		};
		D77731C6255B900600AAE4EE /* Sources */ = {
			isa = PBXSourcesBuildPhase;
			buildActionMask = 2147483647;
			files = (
				D77731CF255B900600AAE4EE /* KalkulatorUITests.swift in Sources */,
			);
			runOnlyForDeploymentPostprocessing = 0;
		};
/* End PBXSourcesBuildPhase section */

/* Begin PBXTargetDependency section */
		D77731C1255B900600AAE4EE /* PBXTargetDependency */ = {
			isa = PBXTargetDependency;
			target = D77731A8255B900500AAE4EE /* Kalkulator */;
			targetProxy = D77731C0255B900600AAE4EE /* PBXContainerItemProxy */;
		};
		D77731CC255B900600AAE4EE /* PBXTargetDependency */ = {
			isa = PBXTargetDependency;
			target = D77731A8255B900500AAE4EE /* Kalkulator */;
			targetProxy = D77731CB255B900600AAE4EE /* PBXContainerItemProxy */;
		};
/* End PBXTargetDependency section */

/* Begin PBXVariantGroup section */
		D77731B2255B900500AAE4EE /* Main.storyboard */ = {
			isa = PBXVariantGroup;
			children = (
				D77731B3255B900500AAE4EE /* Base */,
			);
			name = Main.storyboard;
			sourceTree = "<group>";
		};
		D77731B7255B900600AAE4EE /* LaunchScreen.storyboard */ = {
			isa = PBXVariantGroup;
			children = (
				D77731B8255B900600AAE4EE /* Base */,
			);
			name = LaunchScreen.storyboard;
			sourceTree = "<group>";
		};
/* End PBXVariantGroup section */

/* Begin XCBuildConfiguration section */
		D77731D1255B900600AAE4EE /* Debug */ = {
			isa = XCBuildConfiguration;
			buildSettings = {
				ALWAYS_SEARCH_USER_PATHS = NO;
				CLANG_ANALYZER_NONNULL = YES;
				CLANG_ANALYZER_NUMBER_OBJECT_CONVERSION = YES_AGGRESSIVE;
				CLANG_CXX_LANGUAGE_STANDARD = "gnu++14";
				CLANG_CXX_LIBRARY = "libc++";
				CLANG_ENABLE_MODULES = YES;
				CLANG_ENABLE_OBJC_ARC = YES;
				CLANG_ENABLE_OBJC_WEAK = YES;
				CLANG_WARN_BLOCK_CAPTURE_AUTORELEASING = YES;
				CLANG_WARN_BOOL_CONVERSION = YES;
				CLANG_WARN_COMMA = YES;
				CLANG_WARN_CONSTANT_CONVERSION = YES;
				CLANG_WARN_DEPRECATED_OBJC_IMPLEMENTATIONS = YES;
				CLANG_WARN_DIRECT_OBJC_ISA_USAGE = YES_ERROR;
				CLANG_WARN_DOCUMENTATION_COMMENTS = YES;
				CLANG_WARN_EMPTY_BODY = YES;
				CLANG_WARN_ENUM_CONVERSION = YES;
				CLANG_WARN_INFINITE_RECURSION = YES;
				CLANG_WARN_INT_CONVERSION = YES;
				CLANG_WARN_NON_LITERAL_NULL_CONVERSION = YES;
				CLANG_WARN_OBJC_IMPLICIT_RETAIN_SELF = YES;
				CLANG_WARN_OBJC_LITERAL_CONVERSION = YES;
				CLANG_WARN_OBJC_ROOT_CLASS = YES_ERROR;
				CLANG_WARN_QUOTED_INCLUDE_IN_FRAMEWORK_HEADER = YES;
				CLANG_WARN_RANGE_LOOP_ANALYSIS = YES;
				CLANG_WARN_STRICT_PROTOTYPES = YES;
				CLANG_WARN_SUSPICIOUS_MOVE = YES;
				CLANG_WARN_UNGUARDED_AVAILABILITY = YES_AGGRESSIVE;
				CLANG_WARN_UNREACHABLE_CODE = YES;
				CLANG_WARN__DUPLICATE_METHOD_MATCH = YES;
				COPY_PHASE_STRIP = NO;
				DEBUG_INFORMATION_FORMAT = dwarf;
				ENABLE_STRICT_OBJC_MSGSEND = YES;
				ENABLE_TESTABILITY = YES;
				GCC_C_LANGUAGE_STANDARD = gnu11;
				GCC_DYNAMIC_NO_PIC = NO;
				GCC_NO_COMMON_BLOCKS = YES;
				GCC_OPTIMIZATION_LEVEL = 0;
				GCC_PREPROCESSOR_DEFINITIONS = (
					"DEBUG=1",
					"$(inherited)",
				);
				GCC_WARN_64_TO_32_BIT_CONVERSION = YES;
				GCC_WARN_ABOUT_RETURN_TYPE = YES_ERROR;
				GCC_WARN_UNDECLARED_SELECTOR = YES;
				GCC_WARN_UNINITIALIZED_AUTOS = YES_AGGRESSIVE;
				GCC_WARN_UNUSED_FUNCTION = YES;
				GCC_WARN_UNUSED_VARIABLE = YES;
				IPHONEOS_DEPLOYMENT_TARGET = 14.1;
				MTL_ENABLE_DEBUG_INFO = INCLUDE_SOURCE;
				MTL_FAST_MATH = YES;
				ONLY_ACTIVE_ARCH = YES;
				SDKROOT = iphoneos;
				SWIFT_ACTIVE_COMPILATION_CONDITIONS = DEBUG;
				SWIFT_OPTIMIZATION_LEVEL = "-Onone";
			};
			name = Debug;
		};
		D77731D2255B900600AAE4EE /* Release */ = {
			isa = XCBuildConfiguration;
			buildSettings = {
				ALWAYS_SEARCH_USER_PATHS = NO;
				CLANG_ANALYZER_NONNULL = YES;
				CLANG_ANALYZER_NUMBER_OBJECT_CONVERSION = YES_AGGRESSIVE;
				CLANG_CXX_LANGUAGE_STANDARD = "gnu++14";
				CLANG_CXX_LIBRARY = "libc++";
				CLANG_ENABLE_MODULES = YES;
				CLANG_ENABLE_OBJC_ARC = YES;
				CLANG_ENABLE_OBJC_WEAK = YES;
				CLANG_WARN_BLOCK_CAPTURE_AUTORELEASING = YES;
				CLANG_WARN_BOOL_CONVERSION = YES;
				CLANG_WARN_COMMA = YES;
				CLANG_WARN_CONSTANT_CONVERSION = YES;
				CLANG_WARN_DEPRECATED_OBJC_IMPLEMENTATIONS = YES;
				CLANG_WARN_DIRECT_OBJC_ISA_USAGE = YES_ERROR;
				CLANG_WARN_DOCUMENTATION_COMMENTS = YES;
				CLANG_WARN_EMPTY_BODY = YES;
				CLANG_WARN_ENUM_CONVERSION = YES;
				CLANG_WARN_INFINITE_RECURSION = YES;
				CLANG_WARN_INT_CONVERSION = YES;
				CLANG_WARN_NON_LITERAL_NULL_CONVERSION = YES;
				CLANG_WARN_OBJC_IMPLICIT_RETAIN_SELF = YES;
				CLANG_WARN_OBJC_LITERAL_CONVERSION = YES;
				CLANG_WARN_OBJC_ROOT_CLASS = YES_ERROR;
				CLANG_WARN_QUOTED_INCLUDE_IN_FRAMEWORK_HEADER = YES;
				CLANG_WARN_RANGE_LOOP_ANALYSIS = YES;
				CLANG_WARN_STRICT_PROTOTYPES = YES;
				CLANG_WARN_SUSPICIOUS_MOVE = YES;
				CLANG_WARN_UNGUARDED_AVAILABILITY = YES_AGGRESSIVE;
				CLANG_WARN_UNREACHABLE_CODE = YES;
				CLANG_WARN__DUPLICATE_METHOD_MATCH = YES;
				COPY_PHASE_STRIP = NO;
				DEBUG_INFORMATION_FORMAT = "dwarf-with-dsym";
				ENABLE_NS_ASSERTIONS = NO;
				ENABLE_STRICT_OBJC_MSGSEND = YES;
				GCC_C_LANGUAGE_STANDARD = gnu11;
				GCC_NO_COMMON_BLOCKS = YES;
				GCC_WARN_64_TO_32_BIT_CONVERSION = YES;
				GCC_WARN_ABOUT_RETURN_TYPE = YES_ERROR;
				GCC_WARN_UNDECLARED_SELECTOR = YES;
				GCC_WARN_UNINITIALIZED_AUTOS = YES_AGGRESSIVE;
				GCC_WARN_UNUSED_FUNCTION = YES;
				GCC_WARN_UNUSED_VARIABLE = YES;
				IPHONEOS_DEPLOYMENT_TARGET = 14.1;
				MTL_ENABLE_DEBUG_INFO = NO;
				MTL_FAST_MATH = YES;
				SDKROOT = iphoneos;
				SWIFT_COMPILATION_MODE = wholemodule;
				SWIFT_OPTIMIZATION_LEVEL = "-O";
				VALIDATE_PRODUCT = YES;
			};
			name = Release;
		};
		D77731D4255B900600AAE4EE /* Debug */ = {
			isa = XCBuildConfiguration;
			buildSettings = {
				ASSETCATALOG_COMPILER_APPICON_NAME = AppIcon;
				ASSETCATALOG_COMPILER_GLOBAL_ACCENT_COLOR_NAME = AccentColor;
				CODE_SIGN_STYLE = Automatic;
				INFOPLIST_FILE = Kalkulator/Info.plist;
				LD_RUNPATH_SEARCH_PATHS = (
					"$(inherited)",
					"@executable_path/Frameworks",
				);
				PRODUCT_BUNDLE_IDENTIFIER = "RPL-A.Kalkulator";
				PRODUCT_NAME = "$(TARGET_NAME)";
				SWIFT_VERSION = 5.0;
				TARGETED_DEVICE_FAMILY = "1,2";
			};
			name = Debug;
		};
		D77731D5255B900600AAE4EE /* Release */ = {
			isa = XCBuildConfiguration;
			buildSettings = {
				ASSETCATALOG_COMPILER_APPICON_NAME = AppIcon;
				ASSETCATALOG_COMPILER_GLOBAL_ACCENT_COLOR_NAME = AccentColor;
				CODE_SIGN_STYLE = Automatic;
				INFOPLIST_FILE = Kalkulator/Info.plist;
				LD_RUNPATH_SEARCH_PATHS = (
					"$(inherited)",
					"@executable_path/Frameworks",
				);
				PRODUCT_BUNDLE_IDENTIFIER = "RPL-A.Kalkulator";
				PRODUCT_NAME = "$(TARGET_NAME)";
				SWIFT_VERSION = 5.0;
				TARGETED_DEVICE_FAMILY = "1,2";
			};
			name = Release;
		};
		D77731D7255B900600AAE4EE /* Debug */ = {
			isa = XCBuildConfiguration;
			buildSettings = {
				ALWAYS_EMBED_SWIFT_STANDARD_LIBRARIES = YES;
				BUNDLE_LOADER = "$(TEST_HOST)";
				CODE_SIGN_STYLE = Automatic;
				INFOPLIST_FILE = KalkulatorTests/Info.plist;
				IPHONEOS_DEPLOYMENT_TARGET = 14.1;
				LD_RUNPATH_SEARCH_PATHS = (
					"$(inherited)",
					"@executable_path/Frameworks",
					"@loader_path/Frameworks",
				);
				PRODUCT_BUNDLE_IDENTIFIER = "RPL-A.KalkulatorTests";
				PRODUCT_NAME = "$(TARGET_NAME)";
				SWIFT_VERSION = 5.0;
				TARGETED_DEVICE_FAMILY = "1,2";
				TEST_HOST = "$(BUILT_PRODUCTS_DIR)/Kalkulator.app/Kalkulator";
			};
			name = Debug;
		};
		D77731D8255B900600AAE4EE /* Release */ = {
			isa = XCBuildConfiguration;
			buildSettings = {
				ALWAYS_EMBED_SWIFT_STANDARD_LIBRARIES = YES;
				BUNDLE_LOADER = "$(TEST_HOST)";
				CODE_SIGN_STYLE = Automatic;
				INFOPLIST_FILE = KalkulatorTests/Info.plist;
				IPHONEOS_DEPLOYMENT_TARGET = 14.1;
				LD_RUNPATH_SEARCH_PATHS = (
					"$(inherited)",
					"@executable_path/Frameworks",
					"@loader_path/Frameworks",
				);
				PRODUCT_BUNDLE_IDENTIFIER = "RPL-A.KalkulatorTests";
				PRODUCT_NAME = "$(TARGET_NAME)";
				SWIFT_VERSION = 5.0;
				TARGETED_DEVICE_FAMILY = "1,2";
				TEST_HOST = "$(BUILT_PRODUCTS_DIR)/Kalkulator.app/Kalkulator";
			};
			name = Release;
		};
		D77731DA255B900600AAE4EE /* Debug */ = {
			isa = XCBuildConfiguration;
			buildSettings = {
				ALWAYS_EMBED_SWIFT_STANDARD_LIBRARIES = YES;
				CODE_SIGN_STYLE = Automatic;
				INFOPLIST_FILE = KalkulatorUITests/Info.plist;
				LD_RUNPATH_SEARCH_PATHS = (
					"$(inherited)",
					"@executable_path/Frameworks",
					"@loader_path/Frameworks",
				);
				PRODUCT_BUNDLE_IDENTIFIER = "RPL-A.KalkulatorUITests";
				PRODUCT_NAME = "$(TARGET_NAME)";
				SWIFT_VERSION = 5.0;
				TARGETED_DEVICE_FAMILY = "1,2";
				TEST_TARGET_NAME = Kalkulator;
			};
			name = Debug;
		};
		D77731DB255B900600AAE4EE /* Release */ = {
			isa = XCBuildConfiguration;
			buildSettings = {
				ALWAYS_EMBED_SWIFT_STANDARD_LIBRARIES = YES;
				CODE_SIGN_STYLE = Automatic;
				INFOPLIST_FILE = KalkulatorUITests/Info.plist;
				LD_RUNPATH_SEARCH_PATHS = (
					"$(inherited)",
					"@executable_path/Frameworks",
					"@loader_path/Frameworks",
				);
				PRODUCT_BUNDLE_IDENTIFIER = "RPL-A.KalkulatorUITests";
				PRODUCT_NAME = "$(TARGET_NAME)";
				SWIFT_VERSION = 5.0;
				TARGETED_DEVICE_FAMILY = "1,2";
				TEST_TARGET_NAME = Kalkulator;
			};
			name = Release;
		};
/* End XCBuildConfiguration section */

/* Begin XCConfigurationList section */
		D77731A4255B900500AAE4EE /* Build configuration list for PBXProject "Kalkulator" */ = {
			isa = XCConfigurationList;
			buildConfigurations = (
				D77731D1255B900600AAE4EE /* Debug */,
				D77731D2255B900600AAE4EE /* Release */,
			);
			defaultConfigurationIsVisible = 0;
			defaultConfigurationName = Release;
		};
		D77731D3255B900600AAE4EE /* Build configuration list for PBXNativeTarget "Kalkulator" */ = {
			isa = XCConfigurationList;
			buildConfigurations = (
				D77731D4255B900600AAE4EE /* Debug */,
				D77731D5255B900600AAE4EE /* Release */,
			);
			defaultConfigurationIsVisible = 0;
			defaultConfigurationName = Release;
		};
		D77731D6255B900600AAE4EE /* Build configuration list for PBXNativeTarget "KalkulatorTests" */ = {
			isa = XCConfigurationList;
			buildConfigurations = (
				D77731D7255B900600AAE4EE /* Debug */,
				D77731D8255B900600AAE4EE /* Release */,
			);
			defaultConfigurationIsVisible = 0;
			defaultConfigurationName = Release;
		};
		D77731D9255B900600AAE4EE /* Build configuration list for PBXNativeTarget "KalkulatorUITests" */ = {
			isa = XCConfigurationList;
			buildConfigurations = (
				D77731DA255B900600AAE4EE /* Debug */,
				D77731DB255B900600AAE4EE /* Release */,
			);
			defaultConfigurationIsVisible = 0;
			defaultConfigurationName = Release;
		};
/* End XCConfigurationList section */
	};
	rootObject = D77731A1255B900500AAE4EE /* Project object */;
}
